
Microsoft Visual Studio Solution File, Format Version 12.00
# Visual Studio Version 16
VisualStudioVersion = 16.0.30804.86
MinimumVisualStudioVersion = 10.0.40219.1
Project("{9A19103F-16F7-4668-BE54-9A1E7A4F7556}") = "LMS.Employee", "LMS.Employee\LMS.Employee.csproj", "{CF4913D4-9B28-4A55-8FD9-0DC4054E67F0}"
EndProject
Project("{9A19103F-16F7-4668-BE54-9A1E7A4F7556}") = "LMS.AutoValidator", "LMS.AutoValidator\LMS.AutoValidator.csproj", "{8A9DFF5E-62E3-468C-970E-71C148FA53AF}"
EndProject
Project("{9A19103F-16F7-4668-BE54-9A1E7A4F7556}") = "LMS.Manager", "LMS.Manager\LMS.Manager.csproj", "{98C3D10E-FB7A-4641-AD8F-E2821AAE4732}"
EndProject
Project("{2150E333-8FDC-42A3-9474-1A3956D46DE8}") = "Solution Items", "Solution Items", "{8F007CE7-E720-4933-BF5A-83D0DDAB664D}"
	ProjectSection(SolutionItems) = preProject
		docker-compose.yaml = docker-compose.yaml
	EndProjectSection
EndProject
Project("{FAE04EC0-301F-11D3-BF4B-00C04F79EFBC}") = "LMS.Models", "LMS.Models\LMS.Models.csproj", "{26BA4545-2DCB-4789-9D18-1BD1A02A00EE}"
EndProject
Project("{FAE04EC0-301F-11D3-BF4B-00C04F79EFBC}") = "LMS.Core", "LMS.Core\LMS.Core.csproj", "{E131C24A-F539-4A3E-8F03-95055091445A}"
EndProject
Project("{FAE04EC0-301F-11D3-BF4B-00C04F79EFBC}") = "LMS.ResultReader", "LMS.ResultReader\LMS.ResultReader.csproj", "{E83F0055-21BB-4D05-A1A0-8B9396546B50}"
EndProject
Global
	GlobalSection(SolutionConfigurationPlatforms) = preSolution
		Debug|Any CPU = Debug|Any CPU
		Release|Any CPU = Release|Any CPU
	EndGlobalSection
	GlobalSection(ProjectConfigurationPlatforms) = postSolution
		{CF4913D4-9B28-4A55-8FD9-0DC4054E67F0}.Debug|Any CPU.ActiveCfg = Debug|Any CPU
		{CF4913D4-9B28-4A55-8FD9-0DC4054E67F0}.Debug|Any CPU.Build.0 = Debug|Any CPU
		{CF4913D4-9B28-4A55-8FD9-0DC4054E67F0}.Release|Any CPU.ActiveCfg = Release|Any CPU
		{CF4913D4-9B28-4A55-8FD9-0DC4054E67F0}.Release|Any CPU.Build.0 = Release|Any CPU
		{8A9DFF5E-62E3-468C-970E-71C148FA53AF}.Debug|Any CPU.ActiveCfg = Debug|Any CPU
		{8A9DFF5E-62E3-468C-970E-71C148FA53AF}.Debug|Any CPU.Build.0 = Debug|Any CPU
		{8A9DFF5E-62E3-468C-970E-71C148FA53AF}.Release|Any CPU.ActiveCfg = Release|Any CPU
		{8A9DFF5E-62E3-468C-970E-71C148FA53AF}.Release|Any CPU.Build.0 = Release|Any CPU
		{98C3D10E-FB7A-4641-AD8F-E2821AAE4732}.Debug|Any CPU.ActiveCfg = Debug|Any CPU
		{98C3D10E-FB7A-4641-AD8F-E2821AAE4732}.Debug|Any CPU.Build.0 = Debug|Any CPU
		{98C3D10E-FB7A-4641-AD8F-E2821AAE4732}.Release|Any CPU.ActiveCfg = Release|Any CPU
		{98C3D10E-FB7A-4641-AD8F-E2821AAE4732}.Release|Any CPU.Build.0 = Release|Any CPU
		{26BA4545-2DCB-4789-9D18-1BD1A02A00EE}.Debug|Any CPU.ActiveCfg = Debug|Any CPU
		{26BA4545-2DCB-4789-9D18-1BD1A02A00EE}.Debug|Any CPU.Build.0 = Debug|Any CPU
		{26BA4545-2DCB-4789-9D18-1BD1A02A00EE}.Release|Any CPU.ActiveCfg = Release|Any CPU
		{26BA4545-2DCB-4789-9D18-1BD1A02A00EE}.Release|Any CPU.Build.0 = Release|Any CPU
		{E131C24A-F539-4A3E-8F03-95055091445A}.Debug|Any CPU.ActiveCfg = Debug|Any CPU
		{E131C24A-F539-4A3E-8F03-95055091445A}.Debug|Any CPU.Build.0 = Debug|Any CPU
		{E131C24A-F539-4A3E-8F03-95055091445A}.Release|Any CPU.ActiveCfg = Release|Any CPU
		{E131C24A-F539-4A3E-8F03-95055091445A}.Release|Any CPU.Build.0 = Release|Any CPU
		{E83F0055-21BB-4D05-A1A0-8B9396546B50}.Debug|Any CPU.ActiveCfg = Debug|Any CPU
		{E83F0055-21BB-4D05-A1A0-8B9396546B50}.Debug|Any CPU.Build.0 = Debug|Any CPU
		{E83F0055-21BB-4D05-A1A0-8B9396546B50}.Release|Any CPU.ActiveCfg = Release|Any CPU
		{E83F0055-21BB-4D05-A1A0-8B9396546B50}.Release|Any CPU.Build.0 = Release|Any CPU
	EndGlobalSection
	GlobalSection(SolutionProperties) = preSolution
		HideSolutionNode = FALSE
	EndGlobalSection
	GlobalSection(ExtensibilityGlobals) = postSolution
		SolutionGuid = {F42E3C4F-FDAC-4843-89AC-EF945D161977}
	EndGlobalSection
EndGlobal
